{
  "name": "exercism-test",
  "version": "1.0.0",
  "lockfileVersion": 2,
  "requires": true,
  "packages": {
    "": {
      "name": "exercism-test",
      "version": "1.0.0",
      "license": "ISC",
      "dependencies": {
        "@abaplint/cli": "^2.86.4",
        "@abaplint/runtime": "^1.8.32",
        "@abaplint/transpiler": "^1.8.32",
        "@abaplint/transpiler-cli": "^1.8.32"
      }
    },
    "node_modules/@abaplint/cli": {
      "version": "2.86.4",
      "resolved": "https://registry.npmjs.org/@abaplint/cli/-/cli-2.86.4.tgz",
      "integrity": "sha512-BMyBKYjzBHgvpV4cSyGClMiv+4lJ2+dM2kcWKWbBPA8egvhtlvydOtAAlU7/EvliPXHvQmxJR/mw4dQ/Zvfovg==",
      "bin": {
        "abaplint": "abaplint"
      },
      "engines": {
        "node": ">=12.0.0"
      }
    },
    "node_modules/@abaplint/core": {
      "version": "2.86.4",
      "resolved": "https://registry.npmjs.org/@abaplint/core/-/core-2.86.4.tgz",
      "integrity": "sha512-iAt+GKf8Ref5h5IdAZXwe8Riqb95uxBEgwsfRVYadYlFupQAaBASyDiIZEwqLFIDT/LUSKVhOPU2rdHUBjMBQQ==",
      "dependencies": {
        "fast-xml-parser": "^4.0.7",
        "json5": "^2.2.1",
        "vscode-languageserver-protocol": "^3.16.0",
        "vscode-languageserver-types": "^3.16.0"
      },
      "engines": {
        "node": ">=12.0.0"
      }
    },
    "node_modules/@abaplint/runtime": {
      "version": "1.8.32",
      "resolved": "https://registry.npmjs.org/@abaplint/runtime/-/runtime-1.8.32.tgz",
      "integrity": "sha512-XkRoEDR8J2+FVx21Iv3rnl2oXV7olN2I3ia9Nh5vC53DL0Tnpi2o8peR0ArzqCcFX2DI7ViDO3bvjSrXScj/dw==",
      "dependencies": {
        "sql.js": "^1.6.2"
      }
    },
    "node_modules/@abaplint/transpiler": {
      "version": "1.8.32",
      "resolved": "https://registry.npmjs.org/@abaplint/transpiler/-/transpiler-1.8.32.tgz",
      "integrity": "sha512-43hg/GBpxp/UVTZXGHHoNvYrnD04GO/J6uXXQ4TCRD3FmeEOnn+A1d6Q9hjHU2FFxlz5SQWGT4a4jV350M/sQw==",
      "dependencies": {
        "@abaplint/core": "^2.86.4",
        "source-map": "^0.7.3"
      }
    },
    "node_modules/@abaplint/transpiler-cli": {
      "version": "1.8.32",
      "resolved": "https://registry.npmjs.org/@abaplint/transpiler-cli/-/transpiler-cli-1.8.32.tgz",
      "integrity": "sha512-HbVmFCfO/hEUApX2LDbOyeMFXfSMUpGG33QoVGrIUQ1v1xGw30+baQ7iFWfG1WrFAhG++egUw3ra6mgaeFpbxA==",
      "bin": {
        "abap_transpile": "abap_transpile"
      }
    },
    "node_modules/fast-xml-parser": {
      "version": "4.0.7",
      "resolved": "https://registry.npmjs.org/fast-xml-parser/-/fast-xml-parser-4.0.7.tgz",
      "integrity": "sha512-dMtibyus3kC7nbxj1CpVtysLzO13UOAZEFAb5vpQg3T4O6qvetmSePpXKFx5KPNCHKoGwjtgjfF5DOyn7s1ylQ==",
      "dependencies": {
        "strnum": "^1.0.5"
      },
      "bin": {
        "fxparser": "src/cli/cli.js"
      },
      "funding": {
        "type": "paypal",
        "url": "https://paypal.me/naturalintelligence"
      }
    },
    "node_modules/json5": {
      "version": "2.2.1",
      "resolved": "https://registry.npmjs.org/json5/-/json5-2.2.1.tgz",
      "integrity": "sha512-1hqLFMSrGHRHxav9q9gNjJ5EXznIxGVO09xQRrwplcS8qs28pZ8s8hupZAmqDwZUmVZ2Qb2jnyPOWcDH8m8dlA==",
      "bin": {
        "json5": "lib/cli.js"
      },
      "engines": {
        "node": ">=6"
      }
    },
    "node_modules/source-map": {
      "version": "0.7.3",
      "resolved": "https://registry.npmjs.org/source-map/-/source-map-0.7.3.tgz",
      "integrity": "sha512-CkCj6giN3S+n9qrYiBTX5gystlENnRW5jZeNLHpe6aue+SrHcG5VYwujhW9s4dY31mEGsxBDrHR6oI69fTXsaQ==",
      "engines": {
        "node": ">= 8"
      }
    },
    "node_modules/sql.js": {
      "version": "1.6.2",
      "resolved": "https://registry.npmjs.org/sql.js/-/sql.js-1.6.2.tgz",
      "integrity": "sha512-9iucI5fXQa+Gspeqf/BNB20PxJIn5LhXDt4mjXoFPqXdR+NqtFs15SdKpSIJ6s529aGL9zFR9p2eSCIEiMsNGA=="
    },
    "node_modules/strnum": {
      "version": "1.0.5",
      "resolved": "https://registry.npmjs.org/strnum/-/strnum-1.0.5.tgz",
      "integrity": "sha512-J8bbNyKKXl5qYcR36TIO8W3mVGVHrmmxsd5PAItGkmyzwJvybiw2IVq5nqd0i4LSNSkB/sx9VHllbfFdr9k1JA=="
    },
    "node_modules/vscode-jsonrpc": {
      "version": "6.0.0",
      "resolved": "https://registry.npmjs.org/vscode-jsonrpc/-/vscode-jsonrpc-6.0.0.tgz",
      "integrity": "sha512-wnJA4BnEjOSyFMvjZdpiOwhSq9uDoK8e/kpRJDTaMYzwlkrhG1fwDIZI94CLsLzlCK5cIbMMtFlJlfR57Lavmg==",
      "engines": {
        "node": ">=8.0.0 || >=10.0.0"
      }
    },
    "node_modules/vscode-languageserver-protocol": {
      "version": "3.16.0",
      "resolved": "https://registry.npmjs.org/vscode-languageserver-protocol/-/vscode-languageserver-protocol-3.16.0.tgz",
      "integrity": "sha512-sdeUoAawceQdgIfTI+sdcwkiK2KU+2cbEYA0agzM2uqaUy2UpnnGHtWTHVEtS0ES4zHU0eMFRGN+oQgDxlD66A==",
      "dependencies": {
        "vscode-jsonrpc": "6.0.0",
        "vscode-languageserver-types": "3.16.0"
      }
    },
    "node_modules/vscode-languageserver-types": {
      "version": "3.16.0",
      "resolved": "https://registry.npmjs.org/vscode-languageserver-types/-/vscode-languageserver-types-3.16.0.tgz",
      "integrity": "sha512-k8luDIWJWyenLc5ToFQQMaSrqCHiLwyKPHKPQZ5zz21vM+vIVUSvsRpcbiECH4WR88K2XZqc4ScRcZ7nk/jbeA=="
    }
  },
  "dependencies": {
    "@abaplint/cli": {
      "version": "2.86.4",
      "resolved": "https://registry.npmjs.org/@abaplint/cli/-/cli-2.86.4.tgz",
      "integrity": "sha512-BMyBKYjzBHgvpV4cSyGClMiv+4lJ2+dM2kcWKWbBPA8egvhtlvydOtAAlU7/EvliPXHvQmxJR/mw4dQ/Zvfovg=="
    },
    "@abaplint/core": {
      "version": "2.86.4",
      "resolved": "https://registry.npmjs.org/@abaplint/core/-/core-2.86.4.tgz",
      "integrity": "sha512-iAt+GKf8Ref5h5IdAZXwe8Riqb95uxBEgwsfRVYadYlFupQAaBASyDiIZEwqLFIDT/LUSKVhOPU2rdHUBjMBQQ==",
      "requires": {
        "fast-xml-parser": "^4.0.7",
        "json5": "^2.2.1",
        "vscode-languageserver-protocol": "^3.16.0",
        "vscode-languageserver-types": "^3.16.0"
      }
    },
    "@abaplint/runtime": {
      "version": "1.8.32",
      "resolved": "https://registry.npmjs.org/@abaplint/runtime/-/runtime-1.8.32.tgz",
      "integrity": "sha512-XkRoEDR8J2+FVx21Iv3rnl2oXV7olN2I3ia9Nh5vC53DL0Tnpi2o8peR0ArzqCcFX2DI7ViDO3bvjSrXScj/dw==",
      "requires": {
        "sql.js": "^1.6.2"
      }
    },
    "@abaplint/transpiler": {
      "version": "1.8.32",
      "resolved": "https://registry.npmjs.org/@abaplint/transpiler/-/transpiler-1.8.32.tgz",
      "integrity": "sha512-43hg/GBpxp/UVTZXGHHoNvYrnD04GO/J6uXXQ4TCRD3FmeEOnn+A1d6Q9hjHU2FFxlz5SQWGT4a4jV350M/sQw==",
      "requires": {
        "@abaplint/core": "^2.86.4",
        "source-map": "^0.7.3"
      }
    },
    "@abaplint/transpiler-cli": {
      "version": "1.8.32",
      "resolved": "https://registry.npmjs.org/@abaplint/transpiler-cli/-/transpiler-cli-1.8.32.tgz",
      "integrity": "sha512-HbVmFCfO/hEUApX2LDbOyeMFXfSMUpGG33QoVGrIUQ1v1xGw30+baQ7iFWfG1WrFAhG++egUw3ra6mgaeFpbxA=="
    },
    "fast-xml-parser": {
      "version": "4.0.7",
      "resolved": "https://registry.npmjs.org/fast-xml-parser/-/fast-xml-parser-4.0.7.tgz",
      "integrity": "sha512-dMtibyus3kC7nbxj1CpVtysLzO13UOAZEFAb5vpQg3T4O6qvetmSePpXKFx5KPNCHKoGwjtgjfF5DOyn7s1ylQ==",
      "requires": {
        "strnum": "^1.0.5"
      }
    },
    "json5": {
      "version": "2.2.1",
      "resolved": "https://registry.npmjs.org/json5/-/json5-2.2.1.tgz",
      "integrity": "sha512-1hqLFMSrGHRHxav9q9gNjJ5EXznIxGVO09xQRrwplcS8qs28pZ8s8hupZAmqDwZUmVZ2Qb2jnyPOWcDH8m8dlA=="
    },
    "source-map": {
      "version": "0.7.3",
      "resolved": "https://registry.npmjs.org/source-map/-/source-map-0.7.3.tgz",
      "integrity": "sha512-CkCj6giN3S+n9qrYiBTX5gystlENnRW5jZeNLHpe6aue+SrHcG5VYwujhW9s4dY31mEGsxBDrHR6oI69fTXsaQ=="
    },
    "sql.js": {
      "version": "1.6.2",
      "resolved": "https://registry.npmjs.org/sql.js/-/sql.js-1.6.2.tgz",
      "integrity": "sha512-9iucI5fXQa+Gspeqf/BNB20PxJIn5LhXDt4mjXoFPqXdR+NqtFs15SdKpSIJ6s529aGL9zFR9p2eSCIEiMsNGA=="
    },
    "strnum": {
      "version": "1.0.5",
      "resolved": "https://registry.npmjs.org/strnum/-/strnum-1.0.5.tgz",
      "integrity": "sha512-J8bbNyKKXl5qYcR36TIO8W3mVGVHrmmxsd5PAItGkmyzwJvybiw2IVq5nqd0i4LSNSkB/sx9VHllbfFdr9k1JA=="
    },
    "vscode-jsonrpc": {
      "version": "6.0.0",
      "resolved": "https://registry.npmjs.org/vscode-jsonrpc/-/vscode-jsonrpc-6.0.0.tgz",
      "integrity": "sha512-wnJA4BnEjOSyFMvjZdpiOwhSq9uDoK8e/kpRJDTaMYzwlkrhG1fwDIZI94CLsLzlCK5cIbMMtFlJlfR57Lavmg=="
    },
    "vscode-languageserver-protocol": {
      "version": "3.16.0",
      "resolved": "https://registry.npmjs.org/vscode-languageserver-protocol/-/vscode-languageserver-protocol-3.16.0.tgz",
      "integrity": "sha512-sdeUoAawceQdgIfTI+sdcwkiK2KU+2cbEYA0agzM2uqaUy2UpnnGHtWTHVEtS0ES4zHU0eMFRGN+oQgDxlD66A==",
      "requires": {
        "vscode-jsonrpc": "6.0.0",
        "vscode-languageserver-types": "3.16.0"
      }
    },
    "vscode-languageserver-types": {
      "version": "3.16.0",
      "resolved": "https://registry.npmjs.org/vscode-languageserver-types/-/vscode-languageserver-types-3.16.0.tgz",
      "integrity": "sha512-k8luDIWJWyenLc5ToFQQMaSrqCHiLwyKPHKPQZ5zz21vM+vIVUSvsRpcbiECH4WR88K2XZqc4ScRcZ7nk/jbeA=="
    }
  }
}
