{
  "name": "exercism-test",
  "version": "1.0.0",
  "lockfileVersion": 2,
  "requires": true,
  "packages": {
    "": {
      "name": "exercism-test",
      "version": "1.0.0",
      "license": "ISC",
      "dependencies": {
        "@abaplint/cli": "^2.84.8",
        "@abaplint/runtime": "^1.7.33",
        "@abaplint/transpiler": "^1.7.33",
        "@abaplint/transpiler-cli": "^1.7.33"
      }
    },
    "node_modules/@abaplint/cli": {
      "version": "2.84.8",
      "resolved": "https://registry.npmjs.org/@abaplint/cli/-/cli-2.84.8.tgz",
      "integrity": "sha512-TuouDdH12n/57jkB3XXjMtH1DseZBJlhxuP9jSHC2W38XEctB4wUQ32kTvT3rtv9CMwu7lg812f9rOk4UKT8PA==",
      "bin": {
        "abaplint": "abaplint"
      },
      "engines": {
        "node": ">=12.0.0"
      }
    },
    "node_modules/@abaplint/core": {
      "version": "2.84.8",
      "resolved": "https://registry.npmjs.org/@abaplint/core/-/core-2.84.8.tgz",
      "integrity": "sha512-YQlE1oFCNgVKTlEuNjXVRX/H1LPp/IMY8fj/w4KsicMOvjri6rfIc3CpV0RZ5LVGzKwIkRREV/YmrbcDs7sTPA==",
      "dependencies": {
        "fast-xml-parser": "^4.0.1",
        "json5": "^2.2.0",
        "vscode-languageserver-protocol": "^3.16.0",
        "vscode-languageserver-types": "^3.16.0"
      },
      "engines": {
        "node": ">=12.0.0"
      }
    },
    "node_modules/@abaplint/runtime": {
      "version": "1.7.33",
      "resolved": "https://registry.npmjs.org/@abaplint/runtime/-/runtime-1.7.33.tgz",
      "integrity": "sha512-d9wQYwAaTaJ+4IQLmafjx8DI361/yp40n7mAoCegAlJg9XlMgn58EQ+9kzi1DN4oW+/Zl544D0j//01t7rWxCQ==",
      "dependencies": {
        "hdb": "^0.19.1",
        "sql.js": "^1.6.2"
      }
    },
    "node_modules/@abaplint/transpiler": {
      "version": "1.7.33",
      "resolved": "https://registry.npmjs.org/@abaplint/transpiler/-/transpiler-1.7.33.tgz",
      "integrity": "sha512-jb0YEvglake2MIASZTU8/8yyLOT0grUaJEoNgnBdSwby2K2UnudXOJXMwUn7m9cPXCk9642vLFYYl+5UvIvRaQ==",
      "dependencies": {
        "@abaplint/core": "^2.84.8",
        "source-map": "^0.7.3"
      }
    },
    "node_modules/@abaplint/transpiler-cli": {
      "version": "1.7.33",
      "resolved": "https://registry.npmjs.org/@abaplint/transpiler-cli/-/transpiler-cli-1.7.33.tgz",
      "integrity": "sha512-PDPXLCekohsrkBqQ2xfRPThQlZqrADAgd5cnIl7/S2c+8heWyRYDM4vMkxHmb24CkQ/uO3JEnVYs6bcs8Kq5ew==",
      "bin": {
        "abap_transpile": "abap_transpile"
      }
    },
    "node_modules/fast-xml-parser": {
      "version": "4.0.1",
      "resolved": "https://registry.npmjs.org/fast-xml-parser/-/fast-xml-parser-4.0.1.tgz",
      "integrity": "sha512-EN1yOXDmMqpHrqkwTlCJDvFjepJBoBxjLRDtDxFmqrBILGV3NyFWpmcsofSKCCzc+YxhvNreB5rcKzG+TlyWpg==",
      "dependencies": {
        "strnum": "^1.0.5"
      },
      "bin": {
        "fxparser": "src/cli/cli.js"
      },
      "funding": {
        "type": "paypal",
        "url": "https://paypal.me/naturalintelligence"
      }
    },
    "node_modules/hdb": {
      "version": "0.19.1",
      "resolved": "https://registry.npmjs.org/hdb/-/hdb-0.19.1.tgz",
      "integrity": "sha512-QqB7Srj/AaesB1bZPiKZMPXnjU4NRgP7ZheCHUWf4EKKqZXpWW2lJcb6BRnNfjxfCYIT+TR1wIaA0zLO1CeU6w==",
      "dependencies": {
        "iconv-lite": "^0.4.18"
      },
      "engines": {
        "node": ">= 0.12"
      }
    },
    "node_modules/iconv-lite": {
      "version": "0.4.24",
      "resolved": "https://registry.npmjs.org/iconv-lite/-/iconv-lite-0.4.24.tgz",
      "integrity": "sha512-v3MXnZAcvnywkTUEZomIActle7RXXeedOR31wwl7VlyoXO4Qi9arvSenNQWne1TcRwhCL1HwLI21bEqdpj8/rA==",
      "dependencies": {
        "safer-buffer": ">= 2.1.2 < 3"
      },
      "engines": {
        "node": ">=0.10.0"
      }
    },
    "node_modules/json5": {
      "version": "2.2.0",
      "resolved": "https://registry.npmjs.org/json5/-/json5-2.2.0.tgz",
      "integrity": "sha512-f+8cldu7X/y7RAJurMEJmdoKXGB/X550w2Nr3tTbezL6RwEE/iMcm+tZnXeoZtKuOq6ft8+CqzEkrIgx1fPoQA==",
      "dependencies": {
        "minimist": "^1.2.5"
      },
      "bin": {
        "json5": "lib/cli.js"
      },
      "engines": {
        "node": ">=6"
      }
    },
    "node_modules/minimist": {
      "version": "1.2.5",
      "resolved": "https://registry.npmjs.org/minimist/-/minimist-1.2.5.tgz",
      "integrity": "sha512-FM9nNUYrRBAELZQT3xeZQ7fmMOBg6nWNmJKTcgsJeaLstP/UODVpGsr5OhXhhXg6f+qtJ8uiZ+PUxkDWcgIXLw=="
    },
    "node_modules/safer-buffer": {
      "version": "2.1.2",
      "resolved": "https://registry.npmjs.org/safer-buffer/-/safer-buffer-2.1.2.tgz",
      "integrity": "sha512-YZo3K82SD7Riyi0E1EQPojLz7kpepnSQI9IyPbHHg1XXXevb5dJI7tpyN2ADxGcQbHG7vcyRHk0cbwqcQriUtg=="
    },
    "node_modules/source-map": {
      "version": "0.7.3",
      "resolved": "https://registry.npmjs.org/source-map/-/source-map-0.7.3.tgz",
      "integrity": "sha512-CkCj6giN3S+n9qrYiBTX5gystlENnRW5jZeNLHpe6aue+SrHcG5VYwujhW9s4dY31mEGsxBDrHR6oI69fTXsaQ==",
      "engines": {
        "node": ">= 8"
      }
    },
    "node_modules/sql.js": {
      "version": "1.6.2",
      "resolved": "https://registry.npmjs.org/sql.js/-/sql.js-1.6.2.tgz",
      "integrity": "sha512-9iucI5fXQa+Gspeqf/BNB20PxJIn5LhXDt4mjXoFPqXdR+NqtFs15SdKpSIJ6s529aGL9zFR9p2eSCIEiMsNGA=="
    },
    "node_modules/strnum": {
      "version": "1.0.5",
      "resolved": "https://registry.npmjs.org/strnum/-/strnum-1.0.5.tgz",
      "integrity": "sha512-J8bbNyKKXl5qYcR36TIO8W3mVGVHrmmxsd5PAItGkmyzwJvybiw2IVq5nqd0i4LSNSkB/sx9VHllbfFdr9k1JA=="
    },
    "node_modules/vscode-jsonrpc": {
      "version": "6.0.0",
      "resolved": "https://registry.npmjs.org/vscode-jsonrpc/-/vscode-jsonrpc-6.0.0.tgz",
      "integrity": "sha512-wnJA4BnEjOSyFMvjZdpiOwhSq9uDoK8e/kpRJDTaMYzwlkrhG1fwDIZI94CLsLzlCK5cIbMMtFlJlfR57Lavmg==",
      "engines": {
        "node": ">=8.0.0 || >=10.0.0"
      }
    },
    "node_modules/vscode-languageserver-protocol": {
      "version": "3.16.0",
      "resolved": "https://registry.npmjs.org/vscode-languageserver-protocol/-/vscode-languageserver-protocol-3.16.0.tgz",
      "integrity": "sha512-sdeUoAawceQdgIfTI+sdcwkiK2KU+2cbEYA0agzM2uqaUy2UpnnGHtWTHVEtS0ES4zHU0eMFRGN+oQgDxlD66A==",
      "dependencies": {
        "vscode-jsonrpc": "6.0.0",
        "vscode-languageserver-types": "3.16.0"
      }
    },
    "node_modules/vscode-languageserver-types": {
      "version": "3.16.0",
      "resolved": "https://registry.npmjs.org/vscode-languageserver-types/-/vscode-languageserver-types-3.16.0.tgz",
      "integrity": "sha512-k8luDIWJWyenLc5ToFQQMaSrqCHiLwyKPHKPQZ5zz21vM+vIVUSvsRpcbiECH4WR88K2XZqc4ScRcZ7nk/jbeA=="
    }
  },
  "dependencies": {
    "@abaplint/cli": {
      "version": "2.84.8",
      "resolved": "https://registry.npmjs.org/@abaplint/cli/-/cli-2.84.8.tgz",
      "integrity": "sha512-TuouDdH12n/57jkB3XXjMtH1DseZBJlhxuP9jSHC2W38XEctB4wUQ32kTvT3rtv9CMwu7lg812f9rOk4UKT8PA=="
    },
    "@abaplint/core": {
      "version": "2.84.8",
      "resolved": "https://registry.npmjs.org/@abaplint/core/-/core-2.84.8.tgz",
      "integrity": "sha512-YQlE1oFCNgVKTlEuNjXVRX/H1LPp/IMY8fj/w4KsicMOvjri6rfIc3CpV0RZ5LVGzKwIkRREV/YmrbcDs7sTPA==",
      "requires": {
        "fast-xml-parser": "^4.0.1",
        "json5": "^2.2.0",
        "vscode-languageserver-protocol": "^3.16.0",
        "vscode-languageserver-types": "^3.16.0"
      }
    },
    "@abaplint/runtime": {
      "version": "1.7.33",
      "resolved": "https://registry.npmjs.org/@abaplint/runtime/-/runtime-1.7.33.tgz",
      "integrity": "sha512-d9wQYwAaTaJ+4IQLmafjx8DI361/yp40n7mAoCegAlJg9XlMgn58EQ+9kzi1DN4oW+/Zl544D0j//01t7rWxCQ==",
      "requires": {
        "hdb": "^0.19.1",
        "sql.js": "^1.6.2"
      }
    },
    "@abaplint/transpiler": {
      "version": "1.7.33",
      "resolved": "https://registry.npmjs.org/@abaplint/transpiler/-/transpiler-1.7.33.tgz",
      "integrity": "sha512-jb0YEvglake2MIASZTU8/8yyLOT0grUaJEoNgnBdSwby2K2UnudXOJXMwUn7m9cPXCk9642vLFYYl+5UvIvRaQ==",
      "requires": {
        "@abaplint/core": "^2.84.8",
        "source-map": "^0.7.3"
      }
    },
    "@abaplint/transpiler-cli": {
      "version": "1.7.33",
      "resolved": "https://registry.npmjs.org/@abaplint/transpiler-cli/-/transpiler-cli-1.7.33.tgz",
      "integrity": "sha512-PDPXLCekohsrkBqQ2xfRPThQlZqrADAgd5cnIl7/S2c+8heWyRYDM4vMkxHmb24CkQ/uO3JEnVYs6bcs8Kq5ew=="
    },
    "fast-xml-parser": {
      "version": "4.0.1",
      "resolved": "https://registry.npmjs.org/fast-xml-parser/-/fast-xml-parser-4.0.1.tgz",
      "integrity": "sha512-EN1yOXDmMqpHrqkwTlCJDvFjepJBoBxjLRDtDxFmqrBILGV3NyFWpmcsofSKCCzc+YxhvNreB5rcKzG+TlyWpg==",
      "requires": {
        "strnum": "^1.0.5"
      }
    },
    "hdb": {
      "version": "0.19.1",
      "resolved": "https://registry.npmjs.org/hdb/-/hdb-0.19.1.tgz",
      "integrity": "sha512-QqB7Srj/AaesB1bZPiKZMPXnjU4NRgP7ZheCHUWf4EKKqZXpWW2lJcb6BRnNfjxfCYIT+TR1wIaA0zLO1CeU6w==",
      "requires": {
        "iconv-lite": "^0.4.18"
      }
    },
    "iconv-lite": {
      "version": "0.4.24",
      "resolved": "https://registry.npmjs.org/iconv-lite/-/iconv-lite-0.4.24.tgz",
      "integrity": "sha512-v3MXnZAcvnywkTUEZomIActle7RXXeedOR31wwl7VlyoXO4Qi9arvSenNQWne1TcRwhCL1HwLI21bEqdpj8/rA==",
      "requires": {
        "safer-buffer": ">= 2.1.2 < 3"
      }
    },
    "json5": {
      "version": "2.2.0",
      "resolved": "https://registry.npmjs.org/json5/-/json5-2.2.0.tgz",
      "integrity": "sha512-f+8cldu7X/y7RAJurMEJmdoKXGB/X550w2Nr3tTbezL6RwEE/iMcm+tZnXeoZtKuOq6ft8+CqzEkrIgx1fPoQA==",
      "requires": {
        "minimist": "^1.2.5"
      }
    },
    "minimist": {
      "version": "1.2.5",
      "resolved": "https://registry.npmjs.org/minimist/-/minimist-1.2.5.tgz",
      "integrity": "sha512-FM9nNUYrRBAELZQT3xeZQ7fmMOBg6nWNmJKTcgsJeaLstP/UODVpGsr5OhXhhXg6f+qtJ8uiZ+PUxkDWcgIXLw=="
    },
    "safer-buffer": {
      "version": "2.1.2",
      "resolved": "https://registry.npmjs.org/safer-buffer/-/safer-buffer-2.1.2.tgz",
      "integrity": "sha512-YZo3K82SD7Riyi0E1EQPojLz7kpepnSQI9IyPbHHg1XXXevb5dJI7tpyN2ADxGcQbHG7vcyRHk0cbwqcQriUtg=="
    },
    "source-map": {
      "version": "0.7.3",
      "resolved": "https://registry.npmjs.org/source-map/-/source-map-0.7.3.tgz",
      "integrity": "sha512-CkCj6giN3S+n9qrYiBTX5gystlENnRW5jZeNLHpe6aue+SrHcG5VYwujhW9s4dY31mEGsxBDrHR6oI69fTXsaQ=="
    },
    "sql.js": {
      "version": "1.6.2",
      "resolved": "https://registry.npmjs.org/sql.js/-/sql.js-1.6.2.tgz",
      "integrity": "sha512-9iucI5fXQa+Gspeqf/BNB20PxJIn5LhXDt4mjXoFPqXdR+NqtFs15SdKpSIJ6s529aGL9zFR9p2eSCIEiMsNGA=="
    },
    "strnum": {
      "version": "1.0.5",
      "resolved": "https://registry.npmjs.org/strnum/-/strnum-1.0.5.tgz",
      "integrity": "sha512-J8bbNyKKXl5qYcR36TIO8W3mVGVHrmmxsd5PAItGkmyzwJvybiw2IVq5nqd0i4LSNSkB/sx9VHllbfFdr9k1JA=="
    },
    "vscode-jsonrpc": {
      "version": "6.0.0",
      "resolved": "https://registry.npmjs.org/vscode-jsonrpc/-/vscode-jsonrpc-6.0.0.tgz",
      "integrity": "sha512-wnJA4BnEjOSyFMvjZdpiOwhSq9uDoK8e/kpRJDTaMYzwlkrhG1fwDIZI94CLsLzlCK5cIbMMtFlJlfR57Lavmg=="
    },
    "vscode-languageserver-protocol": {
      "version": "3.16.0",
      "resolved": "https://registry.npmjs.org/vscode-languageserver-protocol/-/vscode-languageserver-protocol-3.16.0.tgz",
      "integrity": "sha512-sdeUoAawceQdgIfTI+sdcwkiK2KU+2cbEYA0agzM2uqaUy2UpnnGHtWTHVEtS0ES4zHU0eMFRGN+oQgDxlD66A==",
      "requires": {
        "vscode-jsonrpc": "6.0.0",
        "vscode-languageserver-types": "3.16.0"
      }
    },
    "vscode-languageserver-types": {
      "version": "3.16.0",
      "resolved": "https://registry.npmjs.org/vscode-languageserver-types/-/vscode-languageserver-types-3.16.0.tgz",
      "integrity": "sha512-k8luDIWJWyenLc5ToFQQMaSrqCHiLwyKPHKPQZ5zz21vM+vIVUSvsRpcbiECH4WR88K2XZqc4ScRcZ7nk/jbeA=="
    }
  }
}
